
Microsoft Visual Studio Solution File, Format Version 12.00
# Visual Studio Version 16
VisualStudioVersion = 16.0.31702.278
MinimumVisualStudioVersion = 10.0.40219.1
Project("{FAE04EC0-301F-11D3-BF4B-00C04F79EFBC}") = "CharGen.Data", "CharGen.Data\CharGen.Data.csproj", "{D792E600-A41B-41C2-AAB2-9F6AE5C38BF4}"
EndProject
Global
	GlobalSection(SolutionConfigurationPlatforms) = preSolution
		Debug|Any CPU = Debug|Any CPU
		Release|Any CPU = Release|Any CPU
	EndGlobalSection
	GlobalSection(ProjectConfigurationPlatforms) = postSolution
		{D792E600-A41B-41C2-AAB2-9F6AE5C38BF4}.Debug|Any CPU.ActiveCfg = Debug|Any CPU
		{D792E600-A41B-41C2-AAB2-9F6AE5C38BF4}.Debug|Any CPU.Build.0 = Debug|Any CPU
		{D792E600-A41B-41C2-AAB2-9F6AE5C38BF4}.Release|Any CPU.ActiveCfg = Release|Any CPU
		{D792E600-A41B-41C2-AAB2-9F6AE5C38BF4}.Release|Any CPU.Build.0 = Release|Any CPU
	EndGlobalSection
	GlobalSection(SolutionProperties) = preSolution
		HideSolutionNode = FALSE
	EndGlobalSection
	GlobalSection(ExtensibilityGlobals) = postSolution
		SolutionGuid = {088A768E-178F-4B7C-A600-8AB732509A7C}
	EndGlobalSection
EndGlobal
